// !$*UTF8*$!
{
	archiveVersion = 1;
	classes = {
	};
	objectVersion = 52;
	objects = {

/* Begin PBXBuildFile section */
		7B811C422767E29F00B393C7 /* PokedexSwiftUIApp.swift in Sources */ = {isa = PBXBuildFile; fileRef = 7B811C412767E29F00B393C7 /* PokedexSwiftUIApp.swift */; };
		7B811C442767E29F00B393C7 /* ContentView.swift in Sources */ = {isa = PBXBuildFile; fileRef = 7B811C432767E29F00B393C7 /* ContentView.swift */; };
		7B811C462767E2A400B393C7 /* Assets.xcassets in Resources */ = {isa = PBXBuildFile; fileRef = 7B811C452767E2A400B393C7 /* Assets.xcassets */; };
		7B811C492767E2A400B393C7 /* Preview Assets.xcassets in Resources */ = {isa = PBXBuildFile; fileRef = 7B811C482767E2A400B393C7 /* Preview Assets.xcassets */; };
		7B811C542767E2A500B393C7 /* PokedexSwiftUITests.swift in Sources */ = {isa = PBXBuildFile; fileRef = 7B811C532767E2A500B393C7 /* PokedexSwiftUITests.swift */; };
		7B811C5F2767E2A500B393C7 /* PokedexSwiftUIUITests.swift in Sources */ = {isa = PBXBuildFile; fileRef = 7B811C5E2767E2A500B393C7 /* PokedexSwiftUIUITests.swift */; };
		7B811C702767E6A500B393C7 /* PokemonCell.swift in Sources */ = {isa = PBXBuildFile; fileRef = 7B811C6F2767E6A500B393C7 /* PokemonCell.swift */; };
		7B811C722767F1A300B393C7 /* PokedexView.swift in Sources */ = {isa = PBXBuildFile; fileRef = 7B811C712767F1A300B393C7 /* PokedexView.swift */; };
		7B811C742768063B00B393C7 /* Pokemon.swift in Sources */ = {isa = PBXBuildFile; fileRef = 7B811C732768063A00B393C7 /* Pokemon.swift */; };
		7B811C7627680B7500B393C7 /* PokemonViewModel.swift in Sources */ = {isa = PBXBuildFile; fileRef = 7B811C7527680B7500B393C7 /* PokemonViewModel.swift */; };
		7B811C792769215600B393C7 /* Kingfisher in Frameworks */ = {isa = PBXBuildFile; productRef = 7B811C782769215600B393C7 /* Kingfisher */; };
/* End PBXBuildFile section */

/* Begin PBXContainerItemProxy section */
		7B811C502767E2A500B393C7 /* PBXContainerItemProxy */ = {
			isa = PBXContainerItemProxy;
			containerPortal = 7B811C362767E29F00B393C7 /* Project object */;
			proxyType = 1;
			remoteGlobalIDString = 7B811C3D2767E29F00B393C7;
			remoteInfo = PokedexSwiftUI;
		};
		7B811C5B2767E2A500B393C7 /* PBXContainerItemProxy */ = {
			isa = PBXContainerItemProxy;
			containerPortal = 7B811C362767E29F00B393C7 /* Project object */;
			proxyType = 1;
			remoteGlobalIDString = 7B811C3D2767E29F00B393C7;
			remoteInfo = PokedexSwiftUI;
		};
/* End PBXContainerItemProxy section */

/* Begin PBXFileReference section */
		7B811C3E2767E29F00B393C7 /* PokedexSwiftUI.app */ = {isa = PBXFileReference; explicitFileType = wrapper.application; includeInIndex = 0; path = PokedexSwiftUI.app; sourceTree = BUILT_PRODUCTS_DIR; };
		7B811C412767E29F00B393C7 /* PokedexSwiftUIApp.swift */ = {isa = PBXFileReference; lastKnownFileType = sourcecode.swift; path = PokedexSwiftUIApp.swift; sourceTree = "<group>"; };
		7B811C432767E29F00B393C7 /* ContentView.swift */ = {isa = PBXFileReference; lastKnownFileType = sourcecode.swift; path = ContentView.swift; sourceTree = "<group>"; };
		7B811C452767E2A400B393C7 /* Assets.xcassets */ = {isa = PBXFileReference; lastKnownFileType = folder.assetcatalog; path = Assets.xcassets; sourceTree = "<group>"; };
		7B811C482767E2A400B393C7 /* Preview Assets.xcassets */ = {isa = PBXFileReference; lastKnownFileType = folder.assetcatalog; path = "Preview Assets.xcassets"; sourceTree = "<group>"; };
		7B811C4A2767E2A400B393C7 /* Info.plist */ = {isa = PBXFileReference; lastKnownFileType = text.plist.xml; path = Info.plist; sourceTree = "<group>"; };
		7B811C4F2767E2A500B393C7 /* PokedexSwiftUITests.xctest */ = {isa = PBXFileReference; explicitFileType = wrapper.cfbundle; includeInIndex = 0; path = PokedexSwiftUITests.xctest; sourceTree = BUILT_PRODUCTS_DIR; };
		7B811C532767E2A500B393C7 /* PokedexSwiftUITests.swift */ = {isa = PBXFileReference; lastKnownFileType = sourcecode.swift; path = PokedexSwiftUITests.swift; sourceTree = "<group>"; };
		7B811C552767E2A500B393C7 /* Info.plist */ = {isa = PBXFileReference; lastKnownFileType = text.plist.xml; path = Info.plist; sourceTree = "<group>"; };
		7B811C5A2767E2A500B393C7 /* PokedexSwiftUIUITests.xctest */ = {isa = PBXFileReference; explicitFileType = wrapper.cfbundle; includeInIndex = 0; path = PokedexSwiftUIUITests.xctest; sourceTree = BUILT_PRODUCTS_DIR; };
		7B811C5E2767E2A500B393C7 /* PokedexSwiftUIUITests.swift */ = {isa = PBXFileReference; lastKnownFileType = sourcecode.swift; path = PokedexSwiftUIUITests.swift; sourceTree = "<group>"; };
		7B811C602767E2A500B393C7 /* Info.plist */ = {isa = PBXFileReference; lastKnownFileType = text.plist.xml; path = Info.plist; sourceTree = "<group>"; };
		7B811C6F2767E6A500B393C7 /* PokemonCell.swift */ = {isa = PBXFileReference; lastKnownFileType = sourcecode.swift; path = PokemonCell.swift; sourceTree = "<group>"; };
		7B811C712767F1A300B393C7 /* PokedexView.swift */ = {isa = PBXFileReference; lastKnownFileType = sourcecode.swift; path = PokedexView.swift; sourceTree = "<group>"; };
		7B811C732768063A00B393C7 /* Pokemon.swift */ = {isa = PBXFileReference; lastKnownFileType = sourcecode.swift; path = Pokemon.swift; sourceTree = "<group>"; };
		7B811C7527680B7500B393C7 /* PokemonViewModel.swift */ = {isa = PBXFileReference; lastKnownFileType = sourcecode.swift; path = PokemonViewModel.swift; sourceTree = "<group>"; };
/* End PBXFileReference section */

/* Begin PBXFrameworksBuildPhase section */
		7B811C3B2767E29F00B393C7 /* Frameworks */ = {
			isa = PBXFrameworksBuildPhase;
			buildActionMask = 2147483647;
			files = (
				7B811C792769215600B393C7 /* Kingfisher in Frameworks */,
			);
			runOnlyForDeploymentPostprocessing = 0;
		};
		7B811C4C2767E2A500B393C7 /* Frameworks */ = {
			isa = PBXFrameworksBuildPhase;
			buildActionMask = 2147483647;
			files = (
			);
			runOnlyForDeploymentPostprocessing = 0;
		};
		7B811C572767E2A500B393C7 /* Frameworks */ = {
			isa = PBXFrameworksBuildPhase;
			buildActionMask = 2147483647;
			files = (
			);
			runOnlyForDeploymentPostprocessing = 0;
		};
/* End PBXFrameworksBuildPhase section */

/* Begin PBXGroup section */
		7B811C352767E29F00B393C7 = {
			isa = PBXGroup;
			children = (
				7B811C402767E29F00B393C7 /* PokedexSwiftUI */,
				7B811C522767E2A500B393C7 /* PokedexSwiftUITests */,
				7B811C5D2767E2A500B393C7 /* PokedexSwiftUIUITests */,
				7B811C3F2767E29F00B393C7 /* Products */,
			);
			sourceTree = "<group>";
		};
		7B811C3F2767E29F00B393C7 /* Products */ = {
			isa = PBXGroup;
			children = (
				7B811C3E2767E29F00B393C7 /* PokedexSwiftUI.app */,
				7B811C4F2767E2A500B393C7 /* PokedexSwiftUITests.xctest */,
				7B811C5A2767E2A500B393C7 /* PokedexSwiftUIUITests.xctest */,
			);
			name = Products;
			sourceTree = "<group>";
		};
		7B811C402767E29F00B393C7 /* PokedexSwiftUI */ = {
			isa = PBXGroup;
			children = (
				7B811C6E2767E34900B393C7 /* Model */,
				7B811C6D2767E34600B393C7 /* View */,
				7B811C6C2767E34300B393C7 /* ViewModel */,
				7B811C412767E29F00B393C7 /* PokedexSwiftUIApp.swift */,
				7B811C432767E29F00B393C7 /* ContentView.swift */,
				7B811C452767E2A400B393C7 /* Assets.xcassets */,
				7B811C4A2767E2A400B393C7 /* Info.plist */,
				7B811C472767E2A400B393C7 /* Preview Content */,
			);
			path = PokedexSwiftUI;
			sourceTree = "<group>";
		};
		7B811C472767E2A400B393C7 /* Preview Content */ = {
			isa = PBXGroup;
			children = (
				7B811C482767E2A400B393C7 /* Preview Assets.xcassets */,
			);
			path = "Preview Content";
			sourceTree = "<group>";
		};
		7B811C522767E2A500B393C7 /* PokedexSwiftUITests */ = {
			isa = PBXGroup;
			children = (
				7B811C532767E2A500B393C7 /* PokedexSwiftUITests.swift */,
				7B811C552767E2A500B393C7 /* Info.plist */,
			);
			path = PokedexSwiftUITests;
			sourceTree = "<group>";
		};
		7B811C5D2767E2A500B393C7 /* PokedexSwiftUIUITests */ = {
			isa = PBXGroup;
			children = (
				7B811C5E2767E2A500B393C7 /* PokedexSwiftUIUITests.swift */,
				7B811C602767E2A500B393C7 /* Info.plist */,
			);
			path = PokedexSwiftUIUITests;
			sourceTree = "<group>";
		};
		7B811C6C2767E34300B393C7 /* ViewModel */ = {
			isa = PBXGroup;
			children = (
				7B811C7527680B7500B393C7 /* PokemonViewModel.swift */,
			);
			path = ViewModel;
			sourceTree = "<group>";
		};
		7B811C6D2767E34600B393C7 /* View */ = {
			isa = PBXGroup;
			children = (
				7B811C6F2767E6A500B393C7 /* PokemonCell.swift */,
				7B811C712767F1A300B393C7 /* PokedexView.swift */,
			);
			path = View;
			sourceTree = "<group>";
		};
		7B811C6E2767E34900B393C7 /* Model */ = {
			isa = PBXGroup;
			children = (
				7B811C732768063A00B393C7 /* Pokemon.swift */,
			);
			path = Model;
			sourceTree = "<group>";
		};
/* End PBXGroup section */

/* Begin PBXNativeTarget section */
		7B811C3D2767E29F00B393C7 /* PokedexSwiftUI */ = {
			isa = PBXNativeTarget;
			buildConfigurationList = 7B811C632767E2A500B393C7 /* Build configuration list for PBXNativeTarget "PokedexSwiftUI" */;
			buildPhases = (
				7B811C3A2767E29F00B393C7 /* Sources */,
				7B811C3B2767E29F00B393C7 /* Frameworks */,
				7B811C3C2767E29F00B393C7 /* Resources */,
			);
			buildRules = (
			);
			dependencies = (
			);
			name = PokedexSwiftUI;
			packageProductDependencies = (
				7B811C782769215600B393C7 /* Kingfisher */,
			);
			productName = PokedexSwiftUI;
			productReference = 7B811C3E2767E29F00B393C7 /* PokedexSwiftUI.app */;
			productType = "com.apple.product-type.application";
		};
		7B811C4E2767E2A500B393C7 /* PokedexSwiftUITests */ = {
			isa = PBXNativeTarget;
			buildConfigurationList = 7B811C662767E2A500B393C7 /* Build configuration list for PBXNativeTarget "PokedexSwiftUITests" */;
			buildPhases = (
				7B811C4B2767E2A500B393C7 /* Sources */,
				7B811C4C2767E2A500B393C7 /* Frameworks */,
				7B811C4D2767E2A500B393C7 /* Resources */,
			);
			buildRules = (
			);
			dependencies = (
				7B811C512767E2A500B393C7 /* PBXTargetDependency */,
			);
			name = PokedexSwiftUITests;
			productName = PokedexSwiftUITests;
			productReference = 7B811C4F2767E2A500B393C7 /* PokedexSwiftUITests.xctest */;
			productType = "com.apple.product-type.bundle.unit-test";
		};
		7B811C592767E2A500B393C7 /* PokedexSwiftUIUITests */ = {
			isa = PBXNativeTarget;
			buildConfigurationList = 7B811C692767E2A500B393C7 /* Build configuration list for PBXNativeTarget "PokedexSwiftUIUITests" */;
			buildPhases = (
				7B811C562767E2A500B393C7 /* Sources */,
				7B811C572767E2A500B393C7 /* Frameworks */,
				7B811C582767E2A500B393C7 /* Resources */,
			);
			buildRules = (
			);
			dependencies = (
				7B811C5C2767E2A500B393C7 /* PBXTargetDependency */,
			);
			name = PokedexSwiftUIUITests;
			productName = PokedexSwiftUIUITests;
			productReference = 7B811C5A2767E2A500B393C7 /* PokedexSwiftUIUITests.xctest */;
			productType = "com.apple.product-type.bundle.ui-testing";
		};
/* End PBXNativeTarget section */

/* Begin PBXProject section */
		7B811C362767E29F00B393C7 /* Project object */ = {
			isa = PBXProject;
			attributes = {
				LastSwiftUpdateCheck = 1250;
				LastUpgradeCheck = 1250;
				TargetAttributes = {
					7B811C3D2767E29F00B393C7 = {
						CreatedOnToolsVersion = 12.5.1;
					};
					7B811C4E2767E2A500B393C7 = {
						CreatedOnToolsVersion = 12.5.1;
						TestTargetID = 7B811C3D2767E29F00B393C7;
					};
					7B811C592767E2A500B393C7 = {
						CreatedOnToolsVersion = 12.5.1;
						TestTargetID = 7B811C3D2767E29F00B393C7;
					};
				};
			};
			buildConfigurationList = 7B811C392767E29F00B393C7 /* Build configuration list for PBXProject "PokedexSwiftUI" */;
			compatibilityVersion = "Xcode 9.3";
			developmentRegion = en;
			hasScannedForEncodings = 0;
			knownRegions = (
				en,
				Base,
			);
			mainGroup = 7B811C352767E29F00B393C7;
			packageReferences = (
				7B811C772769215600B393C7 /* XCRemoteSwiftPackageReference "Kingfisher" */,
			);
			productRefGroup = 7B811C3F2767E29F00B393C7 /* Products */;
			projectDirPath = "";
			projectRoot = "";
			targets = (
				7B811C3D2767E29F00B393C7 /* PokedexSwiftUI */,
				7B811C4E2767E2A500B393C7 /* PokedexSwiftUITests */,
				7B811C592767E2A500B393C7 /* PokedexSwiftUIUITests */,
			);
		};
/* End PBXProject section */

/* Begin PBXResourcesBuildPhase section */
		7B811C3C2767E29F00B393C7 /* Resources */ = {
			isa = PBXResourcesBuildPhase;
			buildActionMask = 2147483647;
			files = (
				7B811C492767E2A400B393C7 /* Preview Assets.xcassets in Resources */,
				7B811C462767E2A400B393C7 /* Assets.xcassets in Resources */,
			);
			runOnlyForDeploymentPostprocessing = 0;
		};
		7B811C4D2767E2A500B393C7 /* Resources */ = {
			isa = PBXResourcesBuildPhase;
			buildActionMask = 2147483647;
			files = (
			);
			runOnlyForDeploymentPostprocessing = 0;
		};
		7B811C582767E2A500B393C7 /* Resources */ = {
			isa = PBXResourcesBuildPhase;
			buildActionMask = 2147483647;
			files = (
			);
			runOnlyForDeploymentPostprocessing = 0;
		};
/* End PBXResourcesBuildPhase section */

/* Begin PBXSourcesBuildPhase section */
		7B811C3A2767E29F00B393C7 /* Sources */ = {
			isa = PBXSourcesBuildPhase;
			buildActionMask = 2147483647;
			files = (
				7B811C742768063B00B393C7 /* Pokemon.swift in Sources */,
				7B811C442767E29F00B393C7 /* ContentView.swift in Sources */,
				7B811C7627680B7500B393C7 /* PokemonViewModel.swift in Sources */,
				7B811C422767E29F00B393C7 /* PokedexSwiftUIApp.swift in Sources */,
				7B811C702767E6A500B393C7 /* PokemonCell.swift in Sources */,
				7B811C722767F1A300B393C7 /* PokedexView.swift in Sources */,
			);
			runOnlyForDeploymentPostprocessing = 0;
		};
		7B811C4B2767E2A500B393C7 /* Sources */ = {
			isa = PBXSourcesBuildPhase;
			buildActionMask = 2147483647;
			files = (
				7B811C542767E2A500B393C7 /* PokedexSwiftUITests.swift in Sources */,
			);
			runOnlyForDeploymentPostprocessing = 0;
		};
		7B811C562767E2A500B393C7 /* Sources */ = {
			isa = PBXSourcesBuildPhase;
			buildActionMask = 2147483647;
			files = (
				7B811C5F2767E2A500B393C7 /* PokedexSwiftUIUITests.swift in Sources */,
			);
			runOnlyForDeploymentPostprocessing = 0;
		};
/* End PBXSourcesBuildPhase section */

/* Begin PBXTargetDependency section */
		7B811C512767E2A500B393C7 /* PBXTargetDependency */ = {
			isa = PBXTargetDependency;
			target = 7B811C3D2767E29F00B393C7 /* PokedexSwiftUI */;
			targetProxy = 7B811C502767E2A500B393C7 /* PBXContainerItemProxy */;
		};
		7B811C5C2767E2A500B393C7 /* PBXTargetDependency */ = {
			isa = PBXTargetDependency;
			target = 7B811C3D2767E29F00B393C7 /* PokedexSwiftUI */;
			targetProxy = 7B811C5B2767E2A500B393C7 /* PBXContainerItemProxy */;
		};
/* End PBXTargetDependency section */

/* Begin XCBuildConfiguration section */
		7B811C612767E2A500B393C7 /* Debug */ = {
			isa = XCBuildConfiguration;
			buildSettings = {
				ALWAYS_SEARCH_USER_PATHS = NO;
				CLANG_ANALYZER_NONNULL = YES;
				CLANG_ANALYZER_NUMBER_OBJECT_CONVERSION = YES_AGGRESSIVE;
				CLANG_CXX_LANGUAGE_STANDARD = "gnu++14";
				CLANG_CXX_LIBRARY = "libc++";
				CLANG_ENABLE_MODULES = YES;
				CLANG_ENABLE_OBJC_ARC = YES;
				CLANG_ENABLE_OBJC_WEAK = YES;
				CLANG_WARN_BLOCK_CAPTURE_AUTORELEASING = YES;
				CLANG_WARN_BOOL_CONVERSION = YES;
				CLANG_WARN_COMMA = YES;
				CLANG_WARN_CONSTANT_CONVERSION = YES;
				CLANG_WARN_DEPRECATED_OBJC_IMPLEMENTATIONS = YES;
				CLANG_WARN_DIRECT_OBJC_ISA_USAGE = YES_ERROR;
				CLANG_WARN_DOCUMENTATION_COMMENTS = YES;
				CLANG_WARN_EMPTY_BODY = YES;
				CLANG_WARN_ENUM_CONVERSION = YES;
				CLANG_WARN_INFINITE_RECURSION = YES;
				CLANG_WARN_INT_CONVERSION = YES;
				CLANG_WARN_NON_LITERAL_NULL_CONVERSION = YES;
				CLANG_WARN_OBJC_IMPLICIT_RETAIN_SELF = YES;
				CLANG_WARN_OBJC_LITERAL_CONVERSION = YES;
				CLANG_WARN_OBJC_ROOT_CLASS = YES_ERROR;
				CLANG_WARN_QUOTED_INCLUDE_IN_FRAMEWORK_HEADER = YES;
				CLANG_WARN_RANGE_LOOP_ANALYSIS = YES;
				CLANG_WARN_STRICT_PROTOTYPES = YES;
				CLANG_WARN_SUSPICIOUS_MOVE = YES;
				CLANG_WARN_UNGUARDED_AVAILABILITY = YES_AGGRESSIVE;
				CLANG_WARN_UNREACHABLE_CODE = YES;
				CLANG_WARN__DUPLICATE_METHOD_MATCH = YES;
				COPY_PHASE_STRIP = NO;
				DEBUG_INFORMATION_FORMAT = dwarf;
				ENABLE_STRICT_OBJC_MSGSEND = YES;
				ENABLE_TESTABILITY = YES;
				GCC_C_LANGUAGE_STANDARD = gnu11;
				GCC_DYNAMIC_NO_PIC = NO;
				GCC_NO_COMMON_BLOCKS = YES;
				GCC_OPTIMIZATION_LEVEL = 0;
				GCC_PREPROCESSOR_DEFINITIONS = (
					"DEBUG=1",
					"$(inherited)",
				);
				GCC_WARN_64_TO_32_BIT_CONVERSION = YES;
				GCC_WARN_ABOUT_RETURN_TYPE = YES_ERROR;
				GCC_WARN_UNDECLARED_SELECTOR = YES;
				GCC_WARN_UNINITIALIZED_AUTOS = YES_AGGRESSIVE;
				GCC_WARN_UNUSED_FUNCTION = YES;
				GCC_WARN_UNUSED_VARIABLE = YES;
				IPHONEOS_DEPLOYMENT_TARGET = 14.5;
				MTL_ENABLE_DEBUG_INFO = INCLUDE_SOURCE;
				MTL_FAST_MATH = YES;
				ONLY_ACTIVE_ARCH = YES;
				SDKROOT = iphoneos;
				SWIFT_ACTIVE_COMPILATION_CONDITIONS = DEBUG;
				SWIFT_OPTIMIZATION_LEVEL = "-Onone";
			};
			name = Debug;
		};
		7B811C622767E2A500B393C7 /* Release */ = {
			isa = XCBuildConfiguration;
			buildSettings = {
				ALWAYS_SEARCH_USER_PATHS = NO;
				CLANG_ANALYZER_NONNULL = YES;
				CLANG_ANALYZER_NUMBER_OBJECT_CONVERSION = YES_AGGRESSIVE;
				CLANG_CXX_LANGUAGE_STANDARD = "gnu++14";
				CLANG_CXX_LIBRARY = "libc++";
				CLANG_ENABLE_MODULES = YES;
				CLANG_ENABLE_OBJC_ARC = YES;
				CLANG_ENABLE_OBJC_WEAK = YES;
				CLANG_WARN_BLOCK_CAPTURE_AUTORELEASING = YES;
				CLANG_WARN_BOOL_CONVERSION = YES;
				CLANG_WARN_COMMA = YES;
				CLANG_WARN_CONSTANT_CONVERSION = YES;
				CLANG_WARN_DEPRECATED_OBJC_IMPLEMENTATIONS = YES;
				CLANG_WARN_DIRECT_OBJC_ISA_USAGE = YES_ERROR;
				CLANG_WARN_DOCUMENTATION_COMMENTS = YES;
				CLANG_WARN_EMPTY_BODY = YES;
				CLANG_WARN_ENUM_CONVERSION = YES;
				CLANG_WARN_INFINITE_RECURSION = YES;
				CLANG_WARN_INT_CONVERSION = YES;
				CLANG_WARN_NON_LITERAL_NULL_CONVERSION = YES;
				CLANG_WARN_OBJC_IMPLICIT_RETAIN_SELF = YES;
				CLANG_WARN_OBJC_LITERAL_CONVERSION = YES;
				CLANG_WARN_OBJC_ROOT_CLASS = YES_ERROR;
				CLANG_WARN_QUOTED_INCLUDE_IN_FRAMEWORK_HEADER = YES;
				CLANG_WARN_RANGE_LOOP_ANALYSIS = YES;
				CLANG_WARN_STRICT_PROTOTYPES = YES;
				CLANG_WARN_SUSPICIOUS_MOVE = YES;
				CLANG_WARN_UNGUARDED_AVAILABILITY = YES_AGGRESSIVE;
				CLANG_WARN_UNREACHABLE_CODE = YES;
				CLANG_WARN__DUPLICATE_METHOD_MATCH = YES;
				COPY_PHASE_STRIP = NO;
				DEBUG_INFORMATION_FORMAT = "dwarf-with-dsym";
				ENABLE_NS_ASSERTIONS = NO;
				ENABLE_STRICT_OBJC_MSGSEND = YES;
				GCC_C_LANGUAGE_STANDARD = gnu11;
				GCC_NO_COMMON_BLOCKS = YES;
				GCC_WARN_64_TO_32_BIT_CONVERSION = YES;
				GCC_WARN_ABOUT_RETURN_TYPE = YES_ERROR;
				GCC_WARN_UNDECLARED_SELECTOR = YES;
				GCC_WARN_UNINITIALIZED_AUTOS = YES_AGGRESSIVE;
				GCC_WARN_UNUSED_FUNCTION = YES;
				GCC_WARN_UNUSED_VARIABLE = YES;
				IPHONEOS_DEPLOYMENT_TARGET = 14.5;
				MTL_ENABLE_DEBUG_INFO = NO;
				MTL_FAST_MATH = YES;
				SDKROOT = iphoneos;
				SWIFT_COMPILATION_MODE = wholemodule;
				SWIFT_OPTIMIZATION_LEVEL = "-O";
				VALIDATE_PRODUCT = YES;
			};
			name = Release;
		};
		7B811C642767E2A500B393C7 /* Debug */ = {
			isa = XCBuildConfiguration;
			buildSettings = {
				ASSETCATALOG_COMPILER_APPICON_NAME = AppIcon;
				ASSETCATALOG_COMPILER_GLOBAL_ACCENT_COLOR_NAME = AccentColor;
				CODE_SIGN_STYLE = Automatic;
				DEVELOPMENT_ASSET_PATHS = "\"PokedexSwiftUI/Preview Content\"";
				DEVELOPMENT_TEAM = H7QBMXQ554;
				ENABLE_PREVIEWS = YES;
				INFOPLIST_FILE = PokedexSwiftUI/Info.plist;
				IPHONEOS_DEPLOYMENT_TARGET = 14.0;
				LD_RUNPATH_SEARCH_PATHS = (
					"$(inherited)",
					"@executable_path/Frameworks",
				);
				PRODUCT_BUNDLE_IDENTIFIER = com.ying.PokedexSwiftUI;
				PRODUCT_NAME = "$(TARGET_NAME)";
				SWIFT_VERSION = 5.0;
				TARGETED_DEVICE_FAMILY = "1,2";
			};
			name = Debug;
		};
		7B811C652767E2A500B393C7 /* Release */ = {
			isa = XCBuildConfiguration;
			buildSettings = {
				ASSETCATALOG_COMPILER_APPICON_NAME = AppIcon;
				ASSETCATALOG_COMPILER_GLOBAL_ACCENT_COLOR_NAME = AccentColor;
				CODE_SIGN_STYLE = Automatic;
				DEVELOPMENT_ASSET_PATHS = "\"PokedexSwiftUI/Preview Content\"";
				DEVELOPMENT_TEAM = H7QBMXQ554;
				ENABLE_PREVIEWS = YES;
				INFOPLIST_FILE = PokedexSwiftUI/Info.plist;
				IPHONEOS_DEPLOYMENT_TARGET = 14.0;
				LD_RUNPATH_SEARCH_PATHS = (
					"$(inherited)",
					"@executable_path/Frameworks",
				);
				PRODUCT_BUNDLE_IDENTIFIER = com.ying.PokedexSwiftUI;
				PRODUCT_NAME = "$(TARGET_NAME)";
				SWIFT_VERSION = 5.0;
				TARGETED_DEVICE_FAMILY = "1,2";
			};
			name = Release;
		};
		7B811C672767E2A500B393C7 /* Debug */ = {
			isa = XCBuildConfiguration;
			buildSettings = {
				ALWAYS_EMBED_SWIFT_STANDARD_LIBRARIES = YES;
				BUNDLE_LOADER = "$(TEST_HOST)";
				CODE_SIGN_STYLE = Automatic;
				DEVELOPMENT_TEAM = H7QBMXQ554;
				INFOPLIST_FILE = PokedexSwiftUITests/Info.plist;
				IPHONEOS_DEPLOYMENT_TARGET = 14.0;
				LD_RUNPATH_SEARCH_PATHS = (
					"$(inherited)",
					"@executable_path/Frameworks",
					"@loader_path/Frameworks",
				);
				PRODUCT_BUNDLE_IDENTIFIER = com.ying.PokedexSwiftUITests;
				PRODUCT_NAME = "$(TARGET_NAME)";
				SWIFT_VERSION = 5.0;
				TARGETED_DEVICE_FAMILY = "1,2";
				TEST_HOST = "$(BUILT_PRODUCTS_DIR)/PokedexSwiftUI.app/PokedexSwiftUI";
			};
			name = Debug;
		};
		7B811C682767E2A500B393C7 /* Release */ = {
			isa = XCBuildConfiguration;
			buildSettings = {
				ALWAYS_EMBED_SWIFT_STANDARD_LIBRARIES = YES;
				BUNDLE_LOADER = "$(TEST_HOST)";
				CODE_SIGN_STYLE = Automatic;
				DEVELOPMENT_TEAM = H7QBMXQ554;
				INFOPLIST_FILE = PokedexSwiftUITests/Info.plist;
				IPHONEOS_DEPLOYMENT_TARGET = 14.0;
				LD_RUNPATH_SEARCH_PATHS = (
					"$(inherited)",
					"@executable_path/Frameworks",
					"@loader_path/Frameworks",
				);
				PRODUCT_BUNDLE_IDENTIFIER = com.ying.PokedexSwiftUITests;
				PRODUCT_NAME = "$(TARGET_NAME)";
				SWIFT_VERSION = 5.0;
				TARGETED_DEVICE_FAMILY = "1,2";
				TEST_HOST = "$(BUILT_PRODUCTS_DIR)/PokedexSwiftUI.app/PokedexSwiftUI";
			};
			name = Release;
		};
		7B811C6A2767E2A500B393C7 /* Debug */ = {
			isa = XCBuildConfiguration;
			buildSettings = {
				ALWAYS_EMBED_SWIFT_STANDARD_LIBRARIES = YES;
				CODE_SIGN_STYLE = Automatic;
				DEVELOPMENT_TEAM = H7QBMXQ554;
				INFOPLIST_FILE = PokedexSwiftUIUITests/Info.plist;
				LD_RUNPATH_SEARCH_PATHS = (
					"$(inherited)",
					"@executable_path/Frameworks",
					"@loader_path/Frameworks",
				);
				PRODUCT_BUNDLE_IDENTIFIER = com.ying.PokedexSwiftUIUITests;
				PRODUCT_NAME = "$(TARGET_NAME)";
				SWIFT_VERSION = 5.0;
				TARGETED_DEVICE_FAMILY = "1,2";
				TEST_TARGET_NAME = PokedexSwiftUI;
			};
			name = Debug;
		};
		7B811C6B2767E2A500B393C7 /* Release */ = {
			isa = XCBuildConfiguration;
			buildSettings = {
				ALWAYS_EMBED_SWIFT_STANDARD_LIBRARIES = YES;
				CODE_SIGN_STYLE = Automatic;
				DEVELOPMENT_TEAM = H7QBMXQ554;
				INFOPLIST_FILE = PokedexSwiftUIUITests/Info.plist;
				LD_RUNPATH_SEARCH_PATHS = (
					"$(inherited)",
					"@executable_path/Frameworks",
					"@loader_path/Frameworks",
				);
				PRODUCT_BUNDLE_IDENTIFIER = com.ying.PokedexSwiftUIUITests;
				PRODUCT_NAME = "$(TARGET_NAME)";
				SWIFT_VERSION = 5.0;
				TARGETED_DEVICE_FAMILY = "1,2";
				TEST_TARGET_NAME = PokedexSwiftUI;
			};
			name = Release;
		};
/* End XCBuildConfiguration section */

/* Begin XCConfigurationList section */
		7B811C392767E29F00B393C7 /* Build configuration list for PBXProject "PokedexSwiftUI" */ = {
			isa = XCConfigurationList;
			buildConfigurations = (
				7B811C612767E2A500B393C7 /* Debug */,
				7B811C622767E2A500B393C7 /* Release */,
			);
			defaultConfigurationIsVisible = 0;
			defaultConfigurationName = Release;
		};
		7B811C632767E2A500B393C7 /* Build configuration list for PBXNativeTarget "PokedexSwiftUI" */ = {
			isa = XCConfigurationList;
			buildConfigurations = (
				7B811C642767E2A500B393C7 /* Debug */,
				7B811C652767E2A500B393C7 /* Release */,
			);
			defaultConfigurationIsVisible = 0;
			defaultConfigurationName = Release;
		};
		7B811C662767E2A500B393C7 /* Build configuration list for PBXNativeTarget "PokedexSwiftUITests" */ = {
			isa = XCConfigurationList;
			buildConfigurations = (
				7B811C672767E2A500B393C7 /* Debug */,
				7B811C682767E2A500B393C7 /* Release */,
			);
			defaultConfigurationIsVisible = 0;
			defaultConfigurationName = Release;
		};
		7B811C692767E2A500B393C7 /* Build configuration list for PBXNativeTarget "PokedexSwiftUIUITests" */ = {
			isa = XCConfigurationList;
			buildConfigurations = (
				7B811C6A2767E2A500B393C7 /* Debug */,
				7B811C6B2767E2A500B393C7 /* Release */,
			);
			defaultConfigurationIsVisible = 0;
			defaultConfigurationName = Release;
		};
/* End XCConfigurationList section */

/* Begin XCRemoteSwiftPackageReference section */
		7B811C772769215600B393C7 /* XCRemoteSwiftPackageReference "Kingfisher" */ = {
			isa = XCRemoteSwiftPackageReference;
			repositoryURL = "https://github.com/onevcat/Kingfisher.git";
			requirement = {
				kind = upToNextMajorVersion;
				minimumVersion = 7.1.2;
			};
		};
/* End XCRemoteSwiftPackageReference section */

/* Begin XCSwiftPackageProductDependency section */
		7B811C782769215600B393C7 /* Kingfisher */ = {
			isa = XCSwiftPackageProductDependency;
			package = 7B811C772769215600B393C7 /* XCRemoteSwiftPackageReference "Kingfisher" */;
			productName = Kingfisher;
		};
/* End XCSwiftPackageProductDependency section */
	};
	rootObject = 7B811C362767E29F00B393C7 /* Project object */;
}
